
Microsoft Visual Studio Solution File, Format Version 12.00
# Visual Studio Version 17
VisualStudioVersion = 17.3.32825.248
MinimumVisualStudioVersion = 10.0.40219.1
Project("{FAE04EC0-301F-11D3-BF4B-00C04F79EFBC}") = "bin_poisk", "bin_poisk\bin_poisk.csproj", "{51765DAE-B530-4C74-9B6C-3560584218FD}"
EndProject
Global
	GlobalSection(SolutionConfigurationPlatforms) = preSolution
		Debug|Any CPU = Debug|Any CPU
		Release|Any CPU = Release|Any CPU
	EndGlobalSection
	GlobalSection(ProjectConfigurationPlatforms) = postSolution
		{51765DAE-B530-4C74-9B6C-3560584218FD}.Debug|Any CPU.ActiveCfg = Debug|Any CPU
		{51765DAE-B530-4C74-9B6C-3560584218FD}.Debug|Any CPU.Build.0 = Debug|Any CPU
		{51765DAE-B530-4C74-9B6C-3560584218FD}.Release|Any CPU.ActiveCfg = Release|Any CPU
		{51765DAE-B530-4C74-9B6C-3560584218FD}.Release|Any CPU.Build.0 = Release|Any CPU
	EndGlobalSection
	GlobalSection(SolutionProperties) = preSolution
		HideSolutionNode = FALSE
	EndGlobalSection
	GlobalSection(ExtensibilityGlobals) = postSolution
		SolutionGuid = {C992A7B5-F125-4AC9-9036-0C8CBD7EA716}
	EndGlobalSection
EndGlobal
